
Microsoft Visual Studio Solution File, Format Version 11.00
# Visual Studio 2010
Project("{FAE04EC0-301F-11D3-BF4B-00C04F79EFBC}") = "GE2_CA1", "Assembly-CSharp.csproj", "{68571D75-DB20-251D-99B6-CAD7BF8670F0}"
EndProject
Project("{FAE04EC0-301F-11D3-BF4B-00C04F79EFBC}") = "GE2_CA1", "Assembly-CSharp-firstpass.csproj", "{049FBCDB-5F0C-F664-D4DD-655520472561}"
EndProject
Project("{FAE04EC0-301F-11D3-BF4B-00C04F79EFBC}") = "GE2_CA1", "Assembly-CSharp-Editor.csproj", "{2FE88FBC-C5DA-AC74-A7C4-1F69A37C641F}"
EndProject
Global
	GlobalSection(SolutionConfigurationPlatforms) = preSolution
		Debug|Any CPU = Debug|Any CPU
		Release|Any CPU = Release|Any CPU
	EndGlobalSection
	GlobalSection(ProjectConfigurationPlatforms) = postSolution
		{68571D75-DB20-251D-99B6-CAD7BF8670F0}.Debug|Any CPU.ActiveCfg = Debug|Any CPU
		{68571D75-DB20-251D-99B6-CAD7BF8670F0}.Debug|Any CPU.Build.0 = Debug|Any CPU
		{68571D75-DB20-251D-99B6-CAD7BF8670F0}.Release|Any CPU.ActiveCfg = Release|Any CPU
		{68571D75-DB20-251D-99B6-CAD7BF8670F0}.Release|Any CPU.Build.0 = Release|Any CPU
		{049FBCDB-5F0C-F664-D4DD-655520472561}.Debug|Any CPU.ActiveCfg = Debug|Any CPU
		{049FBCDB-5F0C-F664-D4DD-655520472561}.Debug|Any CPU.Build.0 = Debug|Any CPU
		{049FBCDB-5F0C-F664-D4DD-655520472561}.Release|Any CPU.ActiveCfg = Release|Any CPU
		{049FBCDB-5F0C-F664-D4DD-655520472561}.Release|Any CPU.Build.0 = Release|Any CPU
		{2FE88FBC-C5DA-AC74-A7C4-1F69A37C641F}.Debug|Any CPU.ActiveCfg = Debug|Any CPU
		{2FE88FBC-C5DA-AC74-A7C4-1F69A37C641F}.Debug|Any CPU.Build.0 = Debug|Any CPU
		{2FE88FBC-C5DA-AC74-A7C4-1F69A37C641F}.Release|Any CPU.ActiveCfg = Release|Any CPU
		{2FE88FBC-C5DA-AC74-A7C4-1F69A37C641F}.Release|Any CPU.Build.0 = Release|Any CPU
	EndGlobalSection
	GlobalSection(SolutionProperties) = preSolution
		HideSolutionNode = FALSE
	EndGlobalSection
	GlobalSection(MonoDevelopProperties) = preSolution
		StartupItem = Assembly-CSharp.csproj
	EndGlobalSection
EndGlobal
